// !$*UTF8*$!
{
	archiveVersion = 1;
	classes = {
	};
	objectVersion = 46;
	objects = {

/* Begin PBXBuildFile section */
		6677D4BA1B885D04005BC729 /* CreatePlanViewController.swift in Sources */ = {isa = PBXBuildFile; fileRef = 6677D4B91B885D04005BC729 /* CreatePlanViewController.swift */; };
		6677D4BE1B8867FD005BC729 /* TextCell.swift in Sources */ = {isa = PBXBuildFile; fileRef = 6677D4BD1B8867FD005BC729 /* TextCell.swift */; };
		66EB9AB81B0986900080AE16 /* AppDelegate.swift in Sources */ = {isa = PBXBuildFile; fileRef = 66EB9AB71B0986900080AE16 /* AppDelegate.swift */; };
		66EB9ABD1B0986900080AE16 /* Main.storyboard in Resources */ = {isa = PBXBuildFile; fileRef = 66EB9ABB1B0986900080AE16 /* Main.storyboard */; };
		66EB9ABF1B0986900080AE16 /* Images.xcassets in Resources */ = {isa = PBXBuildFile; fileRef = 66EB9ABE1B0986900080AE16 /* Images.xcassets */; };
		66EB9AC21B0986900080AE16 /* LaunchScreen.xib in Resources */ = {isa = PBXBuildFile; fileRef = 66EB9AC01B0986900080AE16 /* LaunchScreen.xib */; };
		66EB9ACE1B0986900080AE16 /* ProgressTests.swift in Sources */ = {isa = PBXBuildFile; fileRef = 66EB9ACD1B0986900080AE16 /* ProgressTests.swift */; };
		66EB9AD91B09892B0080AE16 /* Bolts.framework in Frameworks */ = {isa = PBXBuildFile; fileRef = 66EB9AD71B09892B0080AE16 /* Bolts.framework */; };
		66EB9ADA1B09892B0080AE16 /* Parse.framework in Frameworks */ = {isa = PBXBuildFile; fileRef = 66EB9AD81B09892B0080AE16 /* Parse.framework */; };
		66EB9ADC1B0989890080AE16 /* AudioToolbox.framework in Frameworks */ = {isa = PBXBuildFile; fileRef = 66EB9ADB1B0989890080AE16 /* AudioToolbox.framework */; };
		66EB9ADE1B0989910080AE16 /* CFNetwork.framework in Frameworks */ = {isa = PBXBuildFile; fileRef = 66EB9ADD1B0989910080AE16 /* CFNetwork.framework */; };
		66EB9AE01B0989990080AE16 /* CoreGraphics.framework in Frameworks */ = {isa = PBXBuildFile; fileRef = 66EB9ADF1B0989990080AE16 /* CoreGraphics.framework */; };
		66EB9AE21B0989A50080AE16 /* CoreLocation.framework in Frameworks */ = {isa = PBXBuildFile; fileRef = 66EB9AE11B0989A50080AE16 /* CoreLocation.framework */; };
		66EB9AE41B0989AE0080AE16 /* MobileCoreServices.framework in Frameworks */ = {isa = PBXBuildFile; fileRef = 66EB9AE31B0989AE0080AE16 /* MobileCoreServices.framework */; };
		66EB9AE61B0989B40080AE16 /* QuartzCore.framework in Frameworks */ = {isa = PBXBuildFile; fileRef = 66EB9AE51B0989B40080AE16 /* QuartzCore.framework */; };
		66EB9AE81B0989B90080AE16 /* Security.framework in Frameworks */ = {isa = PBXBuildFile; fileRef = 66EB9AE71B0989B90080AE16 /* Security.framework */; };
		66EB9AEA1B0989BF0080AE16 /* StoreKit.framework in Frameworks */ = {isa = PBXBuildFile; fileRef = 66EB9AE91B0989BF0080AE16 /* StoreKit.framework */; };
		66EB9AEC1B0989C80080AE16 /* SystemConfiguration.framework in Frameworks */ = {isa = PBXBuildFile; fileRef = 66EB9AEB1B0989C80080AE16 /* SystemConfiguration.framework */; };
		66EB9AEE1B0989D10080AE16 /* libz.dylib in Frameworks */ = {isa = PBXBuildFile; fileRef = 66EB9AED1B0989D10080AE16 /* libz.dylib */; };
		66EB9AF01B0989DC0080AE16 /* libsqlite3.dylib in Frameworks */ = {isa = PBXBuildFile; fileRef = 66EB9AEF1B0989DC0080AE16 /* libsqlite3.dylib */; };
		66EC00B41B85A65300146FF9 /* CounterTask.swift in Sources */ = {isa = PBXBuildFile; fileRef = 66EC00B31B85A65300146FF9 /* CounterTask.swift */; };
		66EC00B61B85A88300146FF9 /* AbstractTask.swift in Sources */ = {isa = PBXBuildFile; fileRef = 66EC00B51B85A88300146FF9 /* AbstractTask.swift */; };
		66EC00B81B85AFB200146FF9 /* TaskList.swift in Sources */ = {isa = PBXBuildFile; fileRef = 66EC00B71B85AFB200146FF9 /* TaskList.swift */; };
		66EC00D11B87C87900146FF9 /* YLProgressBar.m in Sources */ = {isa = PBXBuildFile; fileRef = 66EC00D01B87C87900146FF9 /* YLProgressBar.m */; };
		66EC00FB1B87D13600146FF9 /* MainViewController.swift in Sources */ = {isa = PBXBuildFile; fileRef = 66EC00FA1B87D13600146FF9 /* MainViewController.swift */; };
/* End PBXBuildFile section */

/* Begin PBXContainerItemProxy section */
		66EB9AC81B0986900080AE16 /* PBXContainerItemProxy */ = {
			isa = PBXContainerItemProxy;
			containerPortal = 66EB9AAA1B0986900080AE16 /* Project object */;
			proxyType = 1;
			remoteGlobalIDString = 66EB9AB11B0986900080AE16;
			remoteInfo = Progress;
		};
/* End PBXContainerItemProxy section */

/* Begin PBXCopyFilesBuildPhase section */
		66EC00F01B87CD4800146FF9 /* Embed Frameworks */ = {
			isa = PBXCopyFilesBuildPhase;
			buildActionMask = 2147483647;
			dstPath = "";
			dstSubfolderSpec = 10;
			files = (
			);
			name = "Embed Frameworks";
			runOnlyForDeploymentPostprocessing = 0;
		};
/* End PBXCopyFilesBuildPhase section */

/* Begin PBXFileReference section */
		6677D4B91B885D04005BC729 /* CreatePlanViewController.swift */ = {isa = PBXFileReference; fileEncoding = 4; lastKnownFileType = sourcecode.swift; path = CreatePlanViewController.swift; sourceTree = "<group>"; };
		6677D4BD1B8867FD005BC729 /* TextCell.swift */ = {isa = PBXFileReference; fileEncoding = 4; lastKnownFileType = sourcecode.swift; path = TextCell.swift; sourceTree = "<group>"; };
		66EB9AB21B0986900080AE16 /* Progress.app */ = {isa = PBXFileReference; explicitFileType = wrapper.application; includeInIndex = 0; path = Progress.app; sourceTree = BUILT_PRODUCTS_DIR; };
		66EB9AB61B0986900080AE16 /* Info.plist */ = {isa = PBXFileReference; lastKnownFileType = text.plist.xml; path = Info.plist; sourceTree = "<group>"; };
		66EB9AB71B0986900080AE16 /* AppDelegate.swift */ = {isa = PBXFileReference; lastKnownFileType = sourcecode.swift; path = AppDelegate.swift; sourceTree = "<group>"; };
		66EB9ABC1B0986900080AE16 /* Base */ = {isa = PBXFileReference; lastKnownFileType = file.storyboard; name = Base; path = Base.lproj/Main.storyboard; sourceTree = "<group>"; };
		66EB9ABE1B0986900080AE16 /* Images.xcassets */ = {isa = PBXFileReference; lastKnownFileType = folder.assetcatalog; path = Images.xcassets; sourceTree = "<group>"; };
		66EB9AC11B0986900080AE16 /* Base */ = {isa = PBXFileReference; lastKnownFileType = file.xib; name = Base; path = Base.lproj/LaunchScreen.xib; sourceTree = "<group>"; };
		66EB9AC71B0986900080AE16 /* ProgressTests.xctest */ = {isa = PBXFileReference; explicitFileType = wrapper.cfbundle; includeInIndex = 0; path = ProgressTests.xctest; sourceTree = BUILT_PRODUCTS_DIR; };
		66EB9ACC1B0986900080AE16 /* Info.plist */ = {isa = PBXFileReference; lastKnownFileType = text.plist.xml; path = Info.plist; sourceTree = "<group>"; };
		66EB9ACD1B0986900080AE16 /* ProgressTests.swift */ = {isa = PBXFileReference; lastKnownFileType = sourcecode.swift; path = ProgressTests.swift; sourceTree = "<group>"; };
		66EB9AD71B09892B0080AE16 /* Bolts.framework */ = {isa = PBXFileReference; lastKnownFileType = wrapper.framework; path = Bolts.framework; sourceTree = "<group>"; };
		66EB9AD81B09892B0080AE16 /* Parse.framework */ = {isa = PBXFileReference; lastKnownFileType = wrapper.framework; path = Parse.framework; sourceTree = "<group>"; };
		66EB9ADB1B0989890080AE16 /* AudioToolbox.framework */ = {isa = PBXFileReference; lastKnownFileType = wrapper.framework; name = AudioToolbox.framework; path = System/Library/Frameworks/AudioToolbox.framework; sourceTree = SDKROOT; };
		66EB9ADD1B0989910080AE16 /* CFNetwork.framework */ = {isa = PBXFileReference; lastKnownFileType = wrapper.framework; name = CFNetwork.framework; path = System/Library/Frameworks/CFNetwork.framework; sourceTree = SDKROOT; };
		66EB9ADF1B0989990080AE16 /* CoreGraphics.framework */ = {isa = PBXFileReference; lastKnownFileType = wrapper.framework; name = CoreGraphics.framework; path = System/Library/Frameworks/CoreGraphics.framework; sourceTree = SDKROOT; };
		66EB9AE11B0989A50080AE16 /* CoreLocation.framework */ = {isa = PBXFileReference; lastKnownFileType = wrapper.framework; name = CoreLocation.framework; path = System/Library/Frameworks/CoreLocation.framework; sourceTree = SDKROOT; };
		66EB9AE31B0989AE0080AE16 /* MobileCoreServices.framework */ = {isa = PBXFileReference; lastKnownFileType = wrapper.framework; name = MobileCoreServices.framework; path = System/Library/Frameworks/MobileCoreServices.framework; sourceTree = SDKROOT; };
		66EB9AE51B0989B40080AE16 /* QuartzCore.framework */ = {isa = PBXFileReference; lastKnownFileType = wrapper.framework; name = QuartzCore.framework; path = System/Library/Frameworks/QuartzCore.framework; sourceTree = SDKROOT; };
		66EB9AE71B0989B90080AE16 /* Security.framework */ = {isa = PBXFileReference; lastKnownFileType = wrapper.framework; name = Security.framework; path = System/Library/Frameworks/Security.framework; sourceTree = SDKROOT; };
		66EB9AE91B0989BF0080AE16 /* StoreKit.framework */ = {isa = PBXFileReference; lastKnownFileType = wrapper.framework; name = StoreKit.framework; path = System/Library/Frameworks/StoreKit.framework; sourceTree = SDKROOT; };
		66EB9AEB1B0989C80080AE16 /* SystemConfiguration.framework */ = {isa = PBXFileReference; lastKnownFileType = wrapper.framework; name = SystemConfiguration.framework; path = System/Library/Frameworks/SystemConfiguration.framework; sourceTree = SDKROOT; };
		66EB9AED1B0989D10080AE16 /* libz.dylib */ = {isa = PBXFileReference; lastKnownFileType = "compiled.mach-o.dylib"; name = libz.dylib; path = usr/lib/libz.dylib; sourceTree = SDKROOT; };
		66EB9AEF1B0989DC0080AE16 /* libsqlite3.dylib */ = {isa = PBXFileReference; lastKnownFileType = "compiled.mach-o.dylib"; name = libsqlite3.dylib; path = usr/lib/libsqlite3.dylib; sourceTree = SDKROOT; };
		66EC00B31B85A65300146FF9 /* CounterTask.swift */ = {isa = PBXFileReference; fileEncoding = 4; lastKnownFileType = sourcecode.swift; path = CounterTask.swift; sourceTree = "<group>"; };
		66EC00B51B85A88300146FF9 /* AbstractTask.swift */ = {isa = PBXFileReference; fileEncoding = 4; lastKnownFileType = sourcecode.swift; path = AbstractTask.swift; sourceTree = "<group>"; };
		66EC00B71B85AFB200146FF9 /* TaskList.swift */ = {isa = PBXFileReference; fileEncoding = 4; lastKnownFileType = sourcecode.swift; path = TaskList.swift; sourceTree = "<group>"; };
		66EC00CE1B87C87800146FF9 /* Progress-Bridging-Header.h */ = {isa = PBXFileReference; lastKnownFileType = sourcecode.c.h; path = "Progress-Bridging-Header.h"; sourceTree = "<group>"; };
		66EC00CF1B87C87900146FF9 /* YLProgressBar.h */ = {isa = PBXFileReference; fileEncoding = 4; lastKnownFileType = sourcecode.c.h; path = YLProgressBar.h; sourceTree = "<group>"; };
		66EC00D01B87C87900146FF9 /* YLProgressBar.m */ = {isa = PBXFileReference; fileEncoding = 4; lastKnownFileType = sourcecode.c.objc; path = YLProgressBar.m; sourceTree = "<group>"; };
		66EC00FA1B87D13600146FF9 /* MainViewController.swift */ = {isa = PBXFileReference; fileEncoding = 4; lastKnownFileType = sourcecode.swift; path = MainViewController.swift; sourceTree = "<group>"; };
/* End PBXFileReference section */

/* Begin PBXFrameworksBuildPhase section */
		66EB9AAF1B0986900080AE16 /* Frameworks */ = {
			isa = PBXFrameworksBuildPhase;
			buildActionMask = 2147483647;
			files = (
				66EB9AF01B0989DC0080AE16 /* libsqlite3.dylib in Frameworks */,
				66EB9AEE1B0989D10080AE16 /* libz.dylib in Frameworks */,
				66EB9AEC1B0989C80080AE16 /* SystemConfiguration.framework in Frameworks */,
				66EB9AEA1B0989BF0080AE16 /* StoreKit.framework in Frameworks */,
				66EB9AE81B0989B90080AE16 /* Security.framework in Frameworks */,
				66EB9AE61B0989B40080AE16 /* QuartzCore.framework in Frameworks */,
				66EB9AE41B0989AE0080AE16 /* MobileCoreServices.framework in Frameworks */,
				66EB9AE21B0989A50080AE16 /* CoreLocation.framework in Frameworks */,
				66EB9AE01B0989990080AE16 /* CoreGraphics.framework in Frameworks */,
				66EB9ADE1B0989910080AE16 /* CFNetwork.framework in Frameworks */,
				66EB9ADC1B0989890080AE16 /* AudioToolbox.framework in Frameworks */,
				66EB9ADA1B09892B0080AE16 /* Parse.framework in Frameworks */,
				66EB9AD91B09892B0080AE16 /* Bolts.framework in Frameworks */,
			);
			runOnlyForDeploymentPostprocessing = 0;
		};
		66EB9AC41B0986900080AE16 /* Frameworks */ = {
			isa = PBXFrameworksBuildPhase;
			buildActionMask = 2147483647;
			files = (
			);
			runOnlyForDeploymentPostprocessing = 0;
		};
/* End PBXFrameworksBuildPhase section */

/* Begin PBXGroup section */
		66EB9AA91B0986900080AE16 = {
			isa = PBXGroup;
			children = (
				66EB9AB41B0986900080AE16 /* Progress */,
				66EB9ACA1B0986900080AE16 /* ProgressTests */,
				66EB9AB31B0986900080AE16 /* Products */,
				66EB9AF11B0989F40080AE16 /* Frameworks */,
			);
			sourceTree = "<group>";
		};
		66EB9AB31B0986900080AE16 /* Products */ = {
			isa = PBXGroup;
			children = (
				66EB9AB21B0986900080AE16 /* Progress.app */,
				66EB9AC71B0986900080AE16 /* ProgressTests.xctest */,
			);
			name = Products;
			sourceTree = "<group>";
		};
		66EB9AB41B0986900080AE16 /* Progress */ = {
			isa = PBXGroup;
			children = (
				66EB9ABB1B0986900080AE16 /* Main.storyboard */,
				66EC00FA1B87D13600146FF9 /* MainViewController.swift */,
				6677D4B91B885D04005BC729 /* CreatePlanViewController.swift */,
				6677D4BD1B8867FD005BC729 /* TextCell.swift */,
				66EC00D21B87C8C600146FF9 /* YLProgressBar */,
				66EB9AB51B0986900080AE16 /* Supporting Files */,
				66EC00B71B85AFB200146FF9 /* TaskList.swift */,
				66EC00B31B85A65300146FF9 /* CounterTask.swift */,
				66EC00B51B85A88300146FF9 /* AbstractTask.swift */,
				66EC00CE1B87C87800146FF9 /* Progress-Bridging-Header.h */,
			);
			path = Progress;
			sourceTree = "<group>";
		};
		66EB9AB51B0986900080AE16 /* Supporting Files */ = {
			isa = PBXGroup;
			children = (
				66EB9AB71B0986900080AE16 /* AppDelegate.swift */,
				66EB9ABE1B0986900080AE16 /* Images.xcassets */,
				66EB9AC01B0986900080AE16 /* LaunchScreen.xib */,
				66EB9AB61B0986900080AE16 /* Info.plist */,
			);
			name = "Supporting Files";
			sourceTree = "<group>";
		};
		66EB9ACA1B0986900080AE16 /* ProgressTests */ = {
			isa = PBXGroup;
			children = (
				66EB9ACD1B0986900080AE16 /* ProgressTests.swift */,
				66EB9ACB1B0986900080AE16 /* Supporting Files */,
			);
			path = ProgressTests;
			sourceTree = "<group>";
		};
		66EB9ACB1B0986900080AE16 /* Supporting Files */ = {
			isa = PBXGroup;
			children = (
				66EB9ACC1B0986900080AE16 /* Info.plist */,
			);
			name = "Supporting Files";
			sourceTree = "<group>";
		};
		66EB9AF11B0989F40080AE16 /* Frameworks */ = {
			isa = PBXGroup;
			children = (
				66EB9AEF1B0989DC0080AE16 /* libsqlite3.dylib */,
				66EB9AED1B0989D10080AE16 /* libz.dylib */,
				66EB9AEB1B0989C80080AE16 /* SystemConfiguration.framework */,
				66EB9AE91B0989BF0080AE16 /* StoreKit.framework */,
				66EB9AE71B0989B90080AE16 /* Security.framework */,
				66EB9AE51B0989B40080AE16 /* QuartzCore.framework */,
				66EB9AE31B0989AE0080AE16 /* MobileCoreServices.framework */,
				66EB9AE11B0989A50080AE16 /* CoreLocation.framework */,
				66EB9ADF1B0989990080AE16 /* CoreGraphics.framework */,
				66EB9ADD1B0989910080AE16 /* CFNetwork.framework */,
				66EB9ADB1B0989890080AE16 /* AudioToolbox.framework */,
				66EB9AD71B09892B0080AE16 /* Bolts.framework */,
				66EB9AD81B09892B0080AE16 /* Parse.framework */,
			);
			name = Frameworks;
			sourceTree = "<group>";
		};
		66EC00D21B87C8C600146FF9 /* YLProgressBar */ = {
			isa = PBXGroup;
			children = (
				66EC00CF1B87C87900146FF9 /* YLProgressBar.h */,
				66EC00D01B87C87900146FF9 /* YLProgressBar.m */,
			);
			name = YLProgressBar;
			sourceTree = "<group>";
		};
/* End PBXGroup section */

/* Begin PBXNativeTarget section */
		66EB9AB11B0986900080AE16 /* Progress */ = {
			isa = PBXNativeTarget;
			buildConfigurationList = 66EB9AD11B0986900080AE16 /* Build configuration list for PBXNativeTarget "Progress" */;
			buildPhases = (
				66EB9AAE1B0986900080AE16 /* Sources */,
				66EB9AAF1B0986900080AE16 /* Frameworks */,
				66EB9AB01B0986900080AE16 /* Resources */,
				66EC00F01B87CD4800146FF9 /* Embed Frameworks */,
			);
			buildRules = (
			);
			dependencies = (
			);
			name = Progress;
			productName = Progress;
			productReference = 66EB9AB21B0986900080AE16 /* Progress.app */;
			productType = "com.apple.product-type.application";
		};
		66EB9AC61B0986900080AE16 /* ProgressTests */ = {
			isa = PBXNativeTarget;
			buildConfigurationList = 66EB9AD41B0986900080AE16 /* Build configuration list for PBXNativeTarget "ProgressTests" */;
			buildPhases = (
				66EB9AC31B0986900080AE16 /* Sources */,
				66EB9AC41B0986900080AE16 /* Frameworks */,
				66EB9AC51B0986900080AE16 /* Resources */,
			);
			buildRules = (
			);
			dependencies = (
				66EB9AC91B0986900080AE16 /* PBXTargetDependency */,
			);
			name = ProgressTests;
			productName = ProgressTests;
			productReference = 66EB9AC71B0986900080AE16 /* ProgressTests.xctest */;
			productType = "com.apple.product-type.bundle.unit-test";
		};
/* End PBXNativeTarget section */

/* Begin PBXProject section */
		66EB9AAA1B0986900080AE16 /* Project object */ = {
			isa = PBXProject;
			attributes = {
				LastUpgradeCheck = 0630;
				ORGANIZATIONNAME = Zap;
				TargetAttributes = {
					66EB9AB11B0986900080AE16 = {
						CreatedOnToolsVersion = 6.3.1;
					};
					66EB9AC61B0986900080AE16 = {
						CreatedOnToolsVersion = 6.3.1;
						TestTargetID = 66EB9AB11B0986900080AE16;
					};
				};
			};
			buildConfigurationList = 66EB9AAD1B0986900080AE16 /* Build configuration list for PBXProject "Progress" */;
			compatibilityVersion = "Xcode 3.2";
			developmentRegion = English;
			hasScannedForEncodings = 0;
			knownRegions = (
				en,
				Base,
			);
			mainGroup = 66EB9AA91B0986900080AE16;
			productRefGroup = 66EB9AB31B0986900080AE16 /* Products */;
			projectDirPath = "";
			projectRoot = "";
			targets = (
				66EB9AB11B0986900080AE16 /* Progress */,
				66EB9AC61B0986900080AE16 /* ProgressTests */,
			);
		};
/* End PBXProject section */

/* Begin PBXResourcesBuildPhase section */
		66EB9AB01B0986900080AE16 /* Resources */ = {
			isa = PBXResourcesBuildPhase;
			buildActionMask = 2147483647;
			files = (
				66EB9ABD1B0986900080AE16 /* Main.storyboard in Resources */,
				66EB9AC21B0986900080AE16 /* LaunchScreen.xib in Resources */,
				66EB9ABF1B0986900080AE16 /* Images.xcassets in Resources */,
			);
			runOnlyForDeploymentPostprocessing = 0;
		};
		66EB9AC51B0986900080AE16 /* Resources */ = {
			isa = PBXResourcesBuildPhase;
			buildActionMask = 2147483647;
			files = (
			);
			runOnlyForDeploymentPostprocessing = 0;
		};
/* End PBXResourcesBuildPhase section */

/* Begin PBXSourcesBuildPhase section */
		66EB9AAE1B0986900080AE16 /* Sources */ = {
			isa = PBXSourcesBuildPhase;
			buildActionMask = 2147483647;
			files = (
				6677D4BA1B885D04005BC729 /* CreatePlanViewController.swift in Sources */,
				66EC00B61B85A88300146FF9 /* AbstractTask.swift in Sources */,
				66EC00D11B87C87900146FF9 /* YLProgressBar.m in Sources */,
				66EC00B81B85AFB200146FF9 /* TaskList.swift in Sources */,
				66EC00FB1B87D13600146FF9 /* MainViewController.swift in Sources */,
				66EC00B41B85A65300146FF9 /* CounterTask.swift in Sources */,
				6677D4BE1B8867FD005BC729 /* TextCell.swift in Sources */,
				66EB9AB81B0986900080AE16 /* AppDelegate.swift in Sources */,
			);
			runOnlyForDeploymentPostprocessing = 0;
		};
		66EB9AC31B0986900080AE16 /* Sources */ = {
			isa = PBXSourcesBuildPhase;
			buildActionMask = 2147483647;
			files = (
				66EB9ACE1B0986900080AE16 /* ProgressTests.swift in Sources */,
			);
			runOnlyForDeploymentPostprocessing = 0;
		};
/* End PBXSourcesBuildPhase section */

/* Begin PBXTargetDependency section */
		66EB9AC91B0986900080AE16 /* PBXTargetDependency */ = {
			isa = PBXTargetDependency;
			target = 66EB9AB11B0986900080AE16 /* Progress */;
			targetProxy = 66EB9AC81B0986900080AE16 /* PBXContainerItemProxy */;
		};
/* End PBXTargetDependency section */

/* Begin PBXVariantGroup section */
		66EB9ABB1B0986900080AE16 /* Main.storyboard */ = {
			isa = PBXVariantGroup;
			children = (
				66EB9ABC1B0986900080AE16 /* Base */,
			);
			name = Main.storyboard;
			sourceTree = "<group>";
		};
		66EB9AC01B0986900080AE16 /* LaunchScreen.xib */ = {
			isa = PBXVariantGroup;
			children = (
				66EB9AC11B0986900080AE16 /* Base */,
			);
			name = LaunchScreen.xib;
			sourceTree = "<group>";
		};
/* End PBXVariantGroup section */

/* Begin XCBuildConfiguration section */
		66EB9ACF1B0986900080AE16 /* Debug */ = {
			isa = XCBuildConfiguration;
			buildSettings = {
				ALWAYS_SEARCH_USER_PATHS = NO;
				CLANG_CXX_LANGUAGE_STANDARD = "gnu++0x";
				CLANG_CXX_LIBRARY = "libc++";
				CLANG_ENABLE_MODULES = YES;
				CLANG_ENABLE_OBJC_ARC = YES;
				CLANG_WARN_BOOL_CONVERSION = YES;
				CLANG_WARN_CONSTANT_CONVERSION = YES;
				CLANG_WARN_DIRECT_OBJC_ISA_USAGE = YES_ERROR;
				CLANG_WARN_EMPTY_BODY = YES;
				CLANG_WARN_ENUM_CONVERSION = YES;
				CLANG_WARN_INT_CONVERSION = YES;
				CLANG_WARN_OBJC_ROOT_CLASS = YES_ERROR;
				CLANG_WARN_UNREACHABLE_CODE = YES;
				CLANG_WARN__DUPLICATE_METHOD_MATCH = YES;
				"CODE_SIGN_IDENTITY[sdk=iphoneos*]" = "iPhone Developer";
				COPY_PHASE_STRIP = NO;
				DEBUG_INFORMATION_FORMAT = "dwarf-with-dsym";
				ENABLE_STRICT_OBJC_MSGSEND = YES;
				GCC_C_LANGUAGE_STANDARD = gnu99;
				GCC_DYNAMIC_NO_PIC = NO;
				GCC_NO_COMMON_BLOCKS = YES;
				GCC_OPTIMIZATION_LEVEL = 0;
				GCC_PREPROCESSOR_DEFINITIONS = (
					"DEBUG=1",
					"$(inherited)",
				);
				GCC_SYMBOLS_PRIVATE_EXTERN = NO;
				GCC_WARN_64_TO_32_BIT_CONVERSION = YES;
				GCC_WARN_ABOUT_RETURN_TYPE = YES_ERROR;
				GCC_WARN_UNDECLARED_SELECTOR = YES;
				GCC_WARN_UNINITIALIZED_AUTOS = YES_AGGRESSIVE;
				GCC_WARN_UNUSED_FUNCTION = YES;
				GCC_WARN_UNUSED_VARIABLE = YES;
				IPHONEOS_DEPLOYMENT_TARGET = 8.3;
				MTL_ENABLE_DEBUG_INFO = YES;
				ONLY_ACTIVE_ARCH = YES;
				SDKROOT = iphoneos;
				SWIFT_OBJC_BRIDGING_HEADER = "Progress/Progress-Bridging-Header.h";
				SWIFT_OPTIMIZATION_LEVEL = "-Onone";
			};
			name = Debug;
		};
		66EB9AD01B0986900080AE16 /* Release */ = {
			isa = XCBuildConfiguration;
			buildSettings = {
				ALWAYS_SEARCH_USER_PATHS = NO;
				CLANG_CXX_LANGUAGE_STANDARD = "gnu++0x";
				CLANG_CXX_LIBRARY = "libc++";
				CLANG_ENABLE_MODULES = YES;
				CLANG_ENABLE_OBJC_ARC = YES;
				CLANG_WARN_BOOL_CONVERSION = YES;
				CLANG_WARN_CONSTANT_CONVERSION = YES;
				CLANG_WARN_DIRECT_OBJC_ISA_USAGE = YES_ERROR;
				CLANG_WARN_EMPTY_BODY = YES;
				CLANG_WARN_ENUM_CONVERSION = YES;
				CLANG_WARN_INT_CONVERSION = YES;
				CLANG_WARN_OBJC_ROOT_CLASS = YES_ERROR;
				CLANG_WARN_UNREACHABLE_CODE = YES;
				CLANG_WARN__DUPLICATE_METHOD_MATCH = YES;
				"CODE_SIGN_IDENTITY[sdk=iphoneos*]" = "iPhone Developer";
				COPY_PHASE_STRIP = NO;
				DEBUG_INFORMATION_FORMAT = "dwarf-with-dsym";
				ENABLE_NS_ASSERTIONS = NO;
				ENABLE_STRICT_OBJC_MSGSEND = YES;
				GCC_C_LANGUAGE_STANDARD = gnu99;
				GCC_NO_COMMON_BLOCKS = YES;
				GCC_WARN_64_TO_32_BIT_CONVERSION = YES;
				GCC_WARN_ABOUT_RETURN_TYPE = YES_ERROR;
				GCC_WARN_UNDECLARED_SELECTOR = YES;
				GCC_WARN_UNINITIALIZED_AUTOS = YES_AGGRESSIVE;
				GCC_WARN_UNUSED_FUNCTION = YES;
				GCC_WARN_UNUSED_VARIABLE = YES;
				IPHONEOS_DEPLOYMENT_TARGET = 8.3;
				MTL_ENABLE_DEBUG_INFO = NO;
				SDKROOT = iphoneos;
				SWIFT_OBJC_BRIDGING_HEADER = "Progress/Progress-Bridging-Header.h";
				VALIDATE_PRODUCT = YES;
			};
			name = Release;
		};
		66EB9AD21B0986900080AE16 /* Debug */ = {
			isa = XCBuildConfiguration;
			buildSettings = {
				ASSETCATALOG_COMPILER_APPICON_NAME = AppIcon;
				CLANG_ENABLE_MODULES = YES;
				FRAMEWORK_SEARCH_PATHS = (
					"$(inherited)",
					"$(PROJECT_DIR)",
				);
				INFOPLIST_FILE = Progress/Info.plist;
				LD_RUNPATH_SEARCH_PATHS = "$(inherited) @executable_path/Frameworks";
				PRODUCT_NAME = "$(TARGET_NAME)";
				SWIFT_OBJC_BRIDGING_HEADER = "Progress/Progress-Bridging-Header.h";
				SWIFT_OPTIMIZATION_LEVEL = "-Onone";
			};
			name = Debug;
		};
		66EB9AD31B0986900080AE16 /* Release */ = {
			isa = XCBuildConfiguration;
			buildSettings = {
				ASSETCATALOG_COMPILER_APPICON_NAME = AppIcon;
				CLANG_ENABLE_MODULES = YES;
				FRAMEWORK_SEARCH_PATHS = (
					"$(inherited)",
					"$(PROJECT_DIR)",
				);
				INFOPLIST_FILE = Progress/Info.plist;
				LD_RUNPATH_SEARCH_PATHS = "$(inherited) @executable_path/Frameworks";
				PRODUCT_NAME = "$(TARGET_NAME)";
				SWIFT_OBJC_BRIDGING_HEADER = "Progress/Progress-Bridging-Header.h";
			};
			name = Release;
		};
		66EB9AD51B0986900080AE16 /* Debug */ = {
			isa = XCBuildConfiguration;
			buildSettings = {
				BUNDLE_LOADER = "$(TEST_HOST)";
				FRAMEWORK_SEARCH_PATHS = (
					"$(SDKROOT)/Developer/Library/Frameworks",
					"$(inherited)",
				);
				GCC_PREPROCESSOR_DEFINITIONS = (
					"DEBUG=1",
					"$(inherited)",
				);
				INFOPLIST_FILE = ProgressTests/Info.plist;
				LD_RUNPATH_SEARCH_PATHS = "$(inherited) @executable_path/Frameworks @loader_path/Frameworks";
				PRODUCT_NAME = "$(TARGET_NAME)";
				TEST_HOST = "$(BUILT_PRODUCTS_DIR)/Progress.app/Progress";
			};
			name = Debug;
		};
		66EB9AD61B0986900080AE16 /* Release */ = {
			isa = XCBuildConfiguration;
			buildSettings = {
				BUNDLE_LOADER = "$(TEST_HOST)";
				FRAMEWORK_SEARCH_PATHS = (
					"$(SDKROOT)/Developer/Library/Frameworks",
					"$(inherited)",
				);
				INFOPLIST_FILE = ProgressTests/Info.plist;
				LD_RUNPATH_SEARCH_PATHS = "$(inherited) @executable_path/Frameworks @loader_path/Frameworks";
				PRODUCT_NAME = "$(TARGET_NAME)";
				TEST_HOST = "$(BUILT_PRODUCTS_DIR)/Progress.app/Progress";
			};
			name = Release;
		};
/* End XCBuildConfiguration section */

/* Begin XCConfigurationList section */
		66EB9AAD1B0986900080AE16 /* Build configuration list for PBXProject "Progress" */ = {
			isa = XCConfigurationList;
			buildConfigurations = (
				66EB9ACF1B0986900080AE16 /* Debug */,
				66EB9AD01B0986900080AE16 /* Release */,
			);
			defaultConfigurationIsVisible = 0;
			defaultConfigurationName = Release;
		};
		66EB9AD11B0986900080AE16 /* Build configuration list for PBXNativeTarget "Progress" */ = {
			isa = XCConfigurationList;
			buildConfigurations = (
				66EB9AD21B0986900080AE16 /* Debug */,
				66EB9AD31B0986900080AE16 /* Release */,
			);
			defaultConfigurationIsVisible = 0;
			defaultConfigurationName = Release;
		};
		66EB9AD41B0986900080AE16 /* Build configuration list for PBXNativeTarget "ProgressTests" */ = {
			isa = XCConfigurationList;
			buildConfigurations = (
				66EB9AD51B0986900080AE16 /* Debug */,
				66EB9AD61B0986900080AE16 /* Release */,
			);
			defaultConfigurationIsVisible = 0;
			defaultConfigurationName = Release;
		};
/* End XCConfigurationList section */
	};
	rootObject = 66EB9AAA1B0986900080AE16 /* Project object */;
}
